
Microsoft Visual Studio Solution File, Format Version 12.00
# Visual Studio Version 17
VisualStudioVersion = 17.8.34511.84
MinimumVisualStudioVersion = 10.0.40219.1
Project("{FAE04EC0-301F-11D3-BF4B-00C04F79EFBC}") = "ScrumMasterBot", "ScrumMasterBot\ScrumMasterBot.csproj", "{138A3D9B-65FC-414C-B63F-24D07F2B649F}"
EndProject
Global
	GlobalSection(SolutionConfigurationPlatforms) = preSolution
		Debug|Any CPU = Debug|Any CPU
		Release|Any CPU = Release|Any CPU
	EndGlobalSection
	GlobalSection(ProjectConfigurationPlatforms) = postSolution
		{138A3D9B-65FC-414C-B63F-24D07F2B649F}.Debug|Any CPU.ActiveCfg = Debug|Any CPU
		{138A3D9B-65FC-414C-B63F-24D07F2B649F}.Debug|Any CPU.Build.0 = Debug|Any CPU
		{138A3D9B-65FC-414C-B63F-24D07F2B649F}.Release|Any CPU.ActiveCfg = Release|Any CPU
		{138A3D9B-65FC-414C-B63F-24D07F2B649F}.Release|Any CPU.Build.0 = Release|Any CPU
	EndGlobalSection
	GlobalSection(SolutionProperties) = preSolution
		HideSolutionNode = FALSE
	EndGlobalSection
	GlobalSection(ExtensibilityGlobals) = postSolution
		SolutionGuid = {9CBF96C9-9C1F-4F33-85C9-17E8A39C279C}
	EndGlobalSection
EndGlobal
